// !$*UTF8*$!
{
	archiveVersion = 1;
	classes = {
	};
	objectVersion = 46;
	objects = {

/* Begin PBXBuildFile section */
		7B1799E71BC4CE2D002A0BA3 /* AppDelegate.swift in Sources */ = {isa = PBXBuildFile; fileRef = 7B1799E61BC4CE2D002A0BA3 /* AppDelegate.swift */; };
		7B1799E91BC4CE2D002A0BA3 /* ViewController.swift in Sources */ = {isa = PBXBuildFile; fileRef = 7B1799E81BC4CE2D002A0BA3 /* ViewController.swift */; };
		7B1799EC1BC4CE2D002A0BA3 /* Main.storyboard in Resources */ = {isa = PBXBuildFile; fileRef = 7B1799EA1BC4CE2D002A0BA3 /* Main.storyboard */; };
		7B1799EF1BC4CE2D002A0BA3 /* Cyphers5e.xcdatamodeld in Sources */ = {isa = PBXBuildFile; fileRef = 7B1799ED1BC4CE2D002A0BA3 /* Cyphers5e.xcdatamodeld */; };
		7B1799F11BC4CE2D002A0BA3 /* Assets.xcassets in Resources */ = {isa = PBXBuildFile; fileRef = 7B1799F01BC4CE2D002A0BA3 /* Assets.xcassets */; };
		7B1799F41BC4CE2D002A0BA3 /* LaunchScreen.storyboard in Resources */ = {isa = PBXBuildFile; fileRef = 7B1799F21BC4CE2D002A0BA3 /* LaunchScreen.storyboard */; };
		7B1799FF1BC4CE2D002A0BA3 /* Cyphers5eTests.swift in Sources */ = {isa = PBXBuildFile; fileRef = 7B1799FE1BC4CE2D002A0BA3 /* Cyphers5eTests.swift */; };
		7B179A0A1BC4CE2D002A0BA3 /* Cyphers5eUITests.swift in Sources */ = {isa = PBXBuildFile; fileRef = 7B179A091BC4CE2D002A0BA3 /* Cyphers5eUITests.swift */; };
/* End PBXBuildFile section */

/* Begin PBXContainerItemProxy section */
		7B1799FB1BC4CE2D002A0BA3 /* PBXContainerItemProxy */ = {
			isa = PBXContainerItemProxy;
			containerPortal = 7B1799DB1BC4CE2C002A0BA3 /* Project object */;
			proxyType = 1;
			remoteGlobalIDString = 7B1799E21BC4CE2D002A0BA3;
			remoteInfo = Cyphers5e;
		};
		7B179A061BC4CE2D002A0BA3 /* PBXContainerItemProxy */ = {
			isa = PBXContainerItemProxy;
			containerPortal = 7B1799DB1BC4CE2C002A0BA3 /* Project object */;
			proxyType = 1;
			remoteGlobalIDString = 7B1799E21BC4CE2D002A0BA3;
			remoteInfo = Cyphers5e;
		};
/* End PBXContainerItemProxy section */

/* Begin PBXFileReference section */
		7B1799E31BC4CE2D002A0BA3 /* Cyphers5e.app */ = {isa = PBXFileReference; explicitFileType = wrapper.application; includeInIndex = 0; path = Cyphers5e.app; sourceTree = BUILT_PRODUCTS_DIR; };
		7B1799E61BC4CE2D002A0BA3 /* AppDelegate.swift */ = {isa = PBXFileReference; lastKnownFileType = sourcecode.swift; path = AppDelegate.swift; sourceTree = "<group>"; };
		7B1799E81BC4CE2D002A0BA3 /* ViewController.swift */ = {isa = PBXFileReference; lastKnownFileType = sourcecode.swift; path = ViewController.swift; sourceTree = "<group>"; };
		7B1799EB1BC4CE2D002A0BA3 /* Base */ = {isa = PBXFileReference; lastKnownFileType = file.storyboard; name = Base; path = Base.lproj/Main.storyboard; sourceTree = "<group>"; };
		7B1799EE1BC4CE2D002A0BA3 /* Cyphers5e.xcdatamodel */ = {isa = PBXFileReference; lastKnownFileType = wrapper.xcdatamodel; path = Cyphers5e.xcdatamodel; sourceTree = "<group>"; };
		7B1799F01BC4CE2D002A0BA3 /* Assets.xcassets */ = {isa = PBXFileReference; lastKnownFileType = folder.assetcatalog; path = Assets.xcassets; sourceTree = "<group>"; };
		7B1799F31BC4CE2D002A0BA3 /* Base */ = {isa = PBXFileReference; lastKnownFileType = file.storyboard; name = Base; path = Base.lproj/LaunchScreen.storyboard; sourceTree = "<group>"; };
		7B1799F51BC4CE2D002A0BA3 /* Info.plist */ = {isa = PBXFileReference; lastKnownFileType = text.plist.xml; path = Info.plist; sourceTree = "<group>"; };
		7B1799FA1BC4CE2D002A0BA3 /* Cyphers5eTests.xctest */ = {isa = PBXFileReference; explicitFileType = wrapper.cfbundle; includeInIndex = 0; path = Cyphers5eTests.xctest; sourceTree = BUILT_PRODUCTS_DIR; };
		7B1799FE1BC4CE2D002A0BA3 /* Cyphers5eTests.swift */ = {isa = PBXFileReference; lastKnownFileType = sourcecode.swift; path = Cyphers5eTests.swift; sourceTree = "<group>"; };
		7B179A001BC4CE2D002A0BA3 /* Info.plist */ = {isa = PBXFileReference; lastKnownFileType = text.plist.xml; path = Info.plist; sourceTree = "<group>"; };
		7B179A051BC4CE2D002A0BA3 /* Cyphers5eUITests.xctest */ = {isa = PBXFileReference; explicitFileType = wrapper.cfbundle; includeInIndex = 0; path = Cyphers5eUITests.xctest; sourceTree = BUILT_PRODUCTS_DIR; };
		7B179A091BC4CE2D002A0BA3 /* Cyphers5eUITests.swift */ = {isa = PBXFileReference; lastKnownFileType = sourcecode.swift; path = Cyphers5eUITests.swift; sourceTree = "<group>"; };
		7B179A0B1BC4CE2D002A0BA3 /* Info.plist */ = {isa = PBXFileReference; lastKnownFileType = text.plist.xml; path = Info.plist; sourceTree = "<group>"; };
/* End PBXFileReference section */

/* Begin PBXFrameworksBuildPhase section */
		7B1799E01BC4CE2D002A0BA3 /* Frameworks */ = {
			isa = PBXFrameworksBuildPhase;
			buildActionMask = 2147483647;
			files = (
			);
			runOnlyForDeploymentPostprocessing = 0;
		};
		7B1799F71BC4CE2D002A0BA3 /* Frameworks */ = {
			isa = PBXFrameworksBuildPhase;
			buildActionMask = 2147483647;
			files = (
			);
			runOnlyForDeploymentPostprocessing = 0;
		};
		7B179A021BC4CE2D002A0BA3 /* Frameworks */ = {
			isa = PBXFrameworksBuildPhase;
			buildActionMask = 2147483647;
			files = (
			);
			runOnlyForDeploymentPostprocessing = 0;
		};
/* End PBXFrameworksBuildPhase section */

/* Begin PBXGroup section */
		7B1799DA1BC4CE2C002A0BA3 = {
			isa = PBXGroup;
			children = (
				7B1799E51BC4CE2D002A0BA3 /* Cyphers5e */,
				7B1799FD1BC4CE2D002A0BA3 /* Cyphers5eTests */,
				7B179A081BC4CE2D002A0BA3 /* Cyphers5eUITests */,
				7B1799E41BC4CE2D002A0BA3 /* Products */,
			);
			sourceTree = "<group>";
		};
		7B1799E41BC4CE2D002A0BA3 /* Products */ = {
			isa = PBXGroup;
			children = (
				7B1799E31BC4CE2D002A0BA3 /* Cyphers5e.app */,
				7B1799FA1BC4CE2D002A0BA3 /* Cyphers5eTests.xctest */,
				7B179A051BC4CE2D002A0BA3 /* Cyphers5eUITests.xctest */,
			);
			name = Products;
			sourceTree = "<group>";
		};
		7B1799E51BC4CE2D002A0BA3 /* Cyphers5e */ = {
			isa = PBXGroup;
			children = (
				7B1799E61BC4CE2D002A0BA3 /* AppDelegate.swift */,
				7B1799E81BC4CE2D002A0BA3 /* ViewController.swift */,
				7B1799EA1BC4CE2D002A0BA3 /* Main.storyboard */,
				7B1799F01BC4CE2D002A0BA3 /* Assets.xcassets */,
				7B1799F21BC4CE2D002A0BA3 /* LaunchScreen.storyboard */,
				7B1799F51BC4CE2D002A0BA3 /* Info.plist */,
				7B1799ED1BC4CE2D002A0BA3 /* Cyphers5e.xcdatamodeld */,
			);
			path = Cyphers5e;
			sourceTree = "<group>";
		};
		7B1799FD1BC4CE2D002A0BA3 /* Cyphers5eTests */ = {
			isa = PBXGroup;
			children = (
				7B1799FE1BC4CE2D002A0BA3 /* Cyphers5eTests.swift */,
				7B179A001BC4CE2D002A0BA3 /* Info.plist */,
			);
			path = Cyphers5eTests;
			sourceTree = "<group>";
		};
		7B179A081BC4CE2D002A0BA3 /* Cyphers5eUITests */ = {
			isa = PBXGroup;
			children = (
				7B179A091BC4CE2D002A0BA3 /* Cyphers5eUITests.swift */,
				7B179A0B1BC4CE2D002A0BA3 /* Info.plist */,
			);
			path = Cyphers5eUITests;
			sourceTree = "<group>";
		};
/* End PBXGroup section */

/* Begin PBXNativeTarget section */
		7B1799E21BC4CE2D002A0BA3 /* Cyphers5e */ = {
			isa = PBXNativeTarget;
			buildConfigurationList = 7B179A0E1BC4CE2D002A0BA3 /* Build configuration list for PBXNativeTarget "Cyphers5e" */;
			buildPhases = (
				7B1799DF1BC4CE2D002A0BA3 /* Sources */,
				7B1799E01BC4CE2D002A0BA3 /* Frameworks */,
				7B1799E11BC4CE2D002A0BA3 /* Resources */,
			);
			buildRules = (
			);
			dependencies = (
			);
			name = Cyphers5e;
			productName = Cyphers5e;
			productReference = 7B1799E31BC4CE2D002A0BA3 /* Cyphers5e.app */;
			productType = "com.apple.product-type.application";
		};
		7B1799F91BC4CE2D002A0BA3 /* Cyphers5eTests */ = {
			isa = PBXNativeTarget;
			buildConfigurationList = 7B179A111BC4CE2D002A0BA3 /* Build configuration list for PBXNativeTarget "Cyphers5eTests" */;
			buildPhases = (
				7B1799F61BC4CE2D002A0BA3 /* Sources */,
				7B1799F71BC4CE2D002A0BA3 /* Frameworks */,
				7B1799F81BC4CE2D002A0BA3 /* Resources */,
			);
			buildRules = (
			);
			dependencies = (
				7B1799FC1BC4CE2D002A0BA3 /* PBXTargetDependency */,
			);
			name = Cyphers5eTests;
			productName = Cyphers5eTests;
			productReference = 7B1799FA1BC4CE2D002A0BA3 /* Cyphers5eTests.xctest */;
			productType = "com.apple.product-type.bundle.unit-test";
		};
		7B179A041BC4CE2D002A0BA3 /* Cyphers5eUITests */ = {
			isa = PBXNativeTarget;
			buildConfigurationList = 7B179A141BC4CE2D002A0BA3 /* Build configuration list for PBXNativeTarget "Cyphers5eUITests" */;
			buildPhases = (
				7B179A011BC4CE2D002A0BA3 /* Sources */,
				7B179A021BC4CE2D002A0BA3 /* Frameworks */,
				7B179A031BC4CE2D002A0BA3 /* Resources */,
			);
			buildRules = (
			);
			dependencies = (
				7B179A071BC4CE2D002A0BA3 /* PBXTargetDependency */,
			);
			name = Cyphers5eUITests;
			productName = Cyphers5eUITests;
			productReference = 7B179A051BC4CE2D002A0BA3 /* Cyphers5eUITests.xctest */;
			productType = "com.apple.product-type.bundle.ui-testing";
		};
/* End PBXNativeTarget section */

/* Begin PBXProject section */
		7B1799DB1BC4CE2C002A0BA3 /* Project object */ = {
			isa = PBXProject;
			attributes = {
				LastUpgradeCheck = 0700;
				ORGANIZATIONNAME = "mitchell hudson";
				TargetAttributes = {
					7B1799E21BC4CE2D002A0BA3 = {
						CreatedOnToolsVersion = 7.0;
					};
					7B1799F91BC4CE2D002A0BA3 = {
						CreatedOnToolsVersion = 7.0;
						TestTargetID = 7B1799E21BC4CE2D002A0BA3;
					};
					7B179A041BC4CE2D002A0BA3 = {
						CreatedOnToolsVersion = 7.0;
						TestTargetID = 7B1799E21BC4CE2D002A0BA3;
					};
				};
			};
			buildConfigurationList = 7B1799DE1BC4CE2C002A0BA3 /* Build configuration list for PBXProject "Cyphers5e" */;
			compatibilityVersion = "Xcode 3.2";
			developmentRegion = English;
			hasScannedForEncodings = 0;
			knownRegions = (
				en,
				Base,
			);
			mainGroup = 7B1799DA1BC4CE2C002A0BA3;
			productRefGroup = 7B1799E41BC4CE2D002A0BA3 /* Products */;
			projectDirPath = "";
			projectRoot = "";
			targets = (
				7B1799E21BC4CE2D002A0BA3 /* Cyphers5e */,
				7B1799F91BC4CE2D002A0BA3 /* Cyphers5eTests */,
				7B179A041BC4CE2D002A0BA3 /* Cyphers5eUITests */,
			);
		};
/* End PBXProject section */

/* Begin PBXResourcesBuildPhase section */
		7B1799E11BC4CE2D002A0BA3 /* Resources */ = {
			isa = PBXResourcesBuildPhase;
			buildActionMask = 2147483647;
			files = (
				7B1799F41BC4CE2D002A0BA3 /* LaunchScreen.storyboard in Resources */,
				7B1799F11BC4CE2D002A0BA3 /* Assets.xcassets in Resources */,
				7B1799EC1BC4CE2D002A0BA3 /* Main.storyboard in Resources */,
			);
			runOnlyForDeploymentPostprocessing = 0;
		};
		7B1799F81BC4CE2D002A0BA3 /* Resources */ = {
			isa = PBXResourcesBuildPhase;
			buildActionMask = 2147483647;
			files = (
			);
			runOnlyForDeploymentPostprocessing = 0;
		};
		7B179A031BC4CE2D002A0BA3 /* Resources */ = {
			isa = PBXResourcesBuildPhase;
			buildActionMask = 2147483647;
			files = (
			);
			runOnlyForDeploymentPostprocessing = 0;
		};
/* End PBXResourcesBuildPhase section */

/* Begin PBXSourcesBuildPhase section */
		7B1799DF1BC4CE2D002A0BA3 /* Sources */ = {
			isa = PBXSourcesBuildPhase;
			buildActionMask = 2147483647;
			files = (
				7B1799E91BC4CE2D002A0BA3 /* ViewController.swift in Sources */,
				7B1799EF1BC4CE2D002A0BA3 /* Cyphers5e.xcdatamodeld in Sources */,
				7B1799E71BC4CE2D002A0BA3 /* AppDelegate.swift in Sources */,
			);
			runOnlyForDeploymentPostprocessing = 0;
		};
		7B1799F61BC4CE2D002A0BA3 /* Sources */ = {
			isa = PBXSourcesBuildPhase;
			buildActionMask = 2147483647;
			files = (
				7B1799FF1BC4CE2D002A0BA3 /* Cyphers5eTests.swift in Sources */,
			);
			runOnlyForDeploymentPostprocessing = 0;
		};
		7B179A011BC4CE2D002A0BA3 /* Sources */ = {
			isa = PBXSourcesBuildPhase;
			buildActionMask = 2147483647;
			files = (
				7B179A0A1BC4CE2D002A0BA3 /* Cyphers5eUITests.swift in Sources */,
			);
			runOnlyForDeploymentPostprocessing = 0;
		};
/* End PBXSourcesBuildPhase section */

/* Begin PBXTargetDependency section */
		7B1799FC1BC4CE2D002A0BA3 /* PBXTargetDependency */ = {
			isa = PBXTargetDependency;
			target = 7B1799E21BC4CE2D002A0BA3 /* Cyphers5e */;
			targetProxy = 7B1799FB1BC4CE2D002A0BA3 /* PBXContainerItemProxy */;
		};
		7B179A071BC4CE2D002A0BA3 /* PBXTargetDependency */ = {
			isa = PBXTargetDependency;
			target = 7B1799E21BC4CE2D002A0BA3 /* Cyphers5e */;
			targetProxy = 7B179A061BC4CE2D002A0BA3 /* PBXContainerItemProxy */;
		};
/* End PBXTargetDependency section */

/* Begin PBXVariantGroup section */
		7B1799EA1BC4CE2D002A0BA3 /* Main.storyboard */ = {
			isa = PBXVariantGroup;
			children = (
				7B1799EB1BC4CE2D002A0BA3 /* Base */,
			);
			name = Main.storyboard;
			sourceTree = "<group>";
		};
		7B1799F21BC4CE2D002A0BA3 /* LaunchScreen.storyboard */ = {
			isa = PBXVariantGroup;
			children = (
				7B1799F31BC4CE2D002A0BA3 /* Base */,
			);
			name = LaunchScreen.storyboard;
			sourceTree = "<group>";
		};
/* End PBXVariantGroup section */

/* Begin XCBuildConfiguration section */
		7B179A0C1BC4CE2D002A0BA3 /* Debug */ = {
			isa = XCBuildConfiguration;
			buildSettings = {
				ALWAYS_SEARCH_USER_PATHS = NO;
				CLANG_CXX_LANGUAGE_STANDARD = "gnu++0x";
				CLANG_CXX_LIBRARY = "libc++";
				CLANG_ENABLE_MODULES = YES;
				CLANG_ENABLE_OBJC_ARC = YES;
				CLANG_WARN_BOOL_CONVERSION = YES;
				CLANG_WARN_CONSTANT_CONVERSION = YES;
				CLANG_WARN_DIRECT_OBJC_ISA_USAGE = YES_ERROR;
				CLANG_WARN_EMPTY_BODY = YES;
				CLANG_WARN_ENUM_CONVERSION = YES;
				CLANG_WARN_INT_CONVERSION = YES;
				CLANG_WARN_OBJC_ROOT_CLASS = YES_ERROR;
				CLANG_WARN_UNREACHABLE_CODE = YES;
				CLANG_WARN__DUPLICATE_METHOD_MATCH = YES;
				"CODE_SIGN_IDENTITY[sdk=iphoneos*]" = "iPhone Developer";
				COPY_PHASE_STRIP = NO;
				DEBUG_INFORMATION_FORMAT = dwarf;
				ENABLE_STRICT_OBJC_MSGSEND = YES;
				ENABLE_TESTABILITY = YES;
				GCC_C_LANGUAGE_STANDARD = gnu99;
				GCC_DYNAMIC_NO_PIC = NO;
				GCC_NO_COMMON_BLOCKS = YES;
				GCC_OPTIMIZATION_LEVEL = 0;
				GCC_PREPROCESSOR_DEFINITIONS = (
					"DEBUG=1",
					"$(inherited)",
				);
				GCC_WARN_64_TO_32_BIT_CONVERSION = YES;
				GCC_WARN_ABOUT_RETURN_TYPE = YES_ERROR;
				GCC_WARN_UNDECLARED_SELECTOR = YES;
				GCC_WARN_UNINITIALIZED_AUTOS = YES_AGGRESSIVE;
				GCC_WARN_UNUSED_FUNCTION = YES;
				GCC_WARN_UNUSED_VARIABLE = YES;
				IPHONEOS_DEPLOYMENT_TARGET = 9.0;
				MTL_ENABLE_DEBUG_INFO = YES;
				ONLY_ACTIVE_ARCH = YES;
				SDKROOT = iphoneos;
				SWIFT_OPTIMIZATION_LEVEL = "-Onone";
			};
			name = Debug;
		};
		7B179A0D1BC4CE2D002A0BA3 /* Release */ = {
			isa = XCBuildConfiguration;
			buildSettings = {
				ALWAYS_SEARCH_USER_PATHS = NO;
				CLANG_CXX_LANGUAGE_STANDARD = "gnu++0x";
				CLANG_CXX_LIBRARY = "libc++";
				CLANG_ENABLE_MODULES = YES;
				CLANG_ENABLE_OBJC_ARC = YES;
				CLANG_WARN_BOOL_CONVERSION = YES;
				CLANG_WARN_CONSTANT_CONVERSION = YES;
				CLANG_WARN_DIRECT_OBJC_ISA_USAGE = YES_ERROR;
				CLANG_WARN_EMPTY_BODY = YES;
				CLANG_WARN_ENUM_CONVERSION = YES;
				CLANG_WARN_INT_CONVERSION = YES;
				CLANG_WARN_OBJC_ROOT_CLASS = YES_ERROR;
				CLANG_WARN_UNREACHABLE_CODE = YES;
				CLANG_WARN__DUPLICATE_METHOD_MATCH = YES;
				"CODE_SIGN_IDENTITY[sdk=iphoneos*]" = "iPhone Developer";
				COPY_PHASE_STRIP = NO;
				DEBUG_INFORMATION_FORMAT = "dwarf-with-dsym";
				ENABLE_NS_ASSERTIONS = NO;
				ENABLE_STRICT_OBJC_MSGSEND = YES;
				GCC_C_LANGUAGE_STANDARD = gnu99;
				GCC_NO_COMMON_BLOCKS = YES;
				GCC_WARN_64_TO_32_BIT_CONVERSION = YES;
				GCC_WARN_ABOUT_RETURN_TYPE = YES_ERROR;
				GCC_WARN_UNDECLARED_SELECTOR = YES;
				GCC_WARN_UNINITIALIZED_AUTOS = YES_AGGRESSIVE;
				GCC_WARN_UNUSED_FUNCTION = YES;
				GCC_WARN_UNUSED_VARIABLE = YES;
				IPHONEOS_DEPLOYMENT_TARGET = 9.0;
				MTL_ENABLE_DEBUG_INFO = NO;
				SDKROOT = iphoneos;
				VALIDATE_PRODUCT = YES;
			};
			name = Release;
		};
		7B179A0F1BC4CE2D002A0BA3 /* Debug */ = {
			isa = XCBuildConfiguration;
			buildSettings = {
				ASSETCATALOG_COMPILER_APPICON_NAME = AppIcon;
				INFOPLIST_FILE = Cyphers5e/Info.plist;
				LD_RUNPATH_SEARCH_PATHS = "$(inherited) @executable_path/Frameworks";
				PRODUCT_BUNDLE_IDENTIFIER = com.webdevils.Cyphers5e;
				PRODUCT_NAME = "$(TARGET_NAME)";
			};
			name = Debug;
		};
		7B179A101BC4CE2D002A0BA3 /* Release */ = {
			isa = XCBuildConfiguration;
			buildSettings = {
				ASSETCATALOG_COMPILER_APPICON_NAME = AppIcon;
				INFOPLIST_FILE = Cyphers5e/Info.plist;
				LD_RUNPATH_SEARCH_PATHS = "$(inherited) @executable_path/Frameworks";
				PRODUCT_BUNDLE_IDENTIFIER = com.webdevils.Cyphers5e;
				PRODUCT_NAME = "$(TARGET_NAME)";
			};
			name = Release;
		};
		7B179A121BC4CE2D002A0BA3 /* Debug */ = {
			isa = XCBuildConfiguration;
			buildSettings = {
				BUNDLE_LOADER = "$(TEST_HOST)";
				INFOPLIST_FILE = Cyphers5eTests/Info.plist;
				LD_RUNPATH_SEARCH_PATHS = "$(inherited) @executable_path/Frameworks @loader_path/Frameworks";
				PRODUCT_BUNDLE_IDENTIFIER = com.webdevils.Cyphers5eTests;
				PRODUCT_NAME = "$(TARGET_NAME)";
				TEST_HOST = "$(BUILT_PRODUCTS_DIR)/Cyphers5e.app/Cyphers5e";
			};
			name = Debug;
		};
		7B179A131BC4CE2D002A0BA3 /* Release */ = {
			isa = XCBuildConfiguration;
			buildSettings = {
				BUNDLE_LOADER = "$(TEST_HOST)";
				INFOPLIST_FILE = Cyphers5eTests/Info.plist;
				LD_RUNPATH_SEARCH_PATHS = "$(inherited) @executable_path/Frameworks @loader_path/Frameworks";
				PRODUCT_BUNDLE_IDENTIFIER = com.webdevils.Cyphers5eTests;
				PRODUCT_NAME = "$(TARGET_NAME)";
				TEST_HOST = "$(BUILT_PRODUCTS_DIR)/Cyphers5e.app/Cyphers5e";
			};
			name = Release;
		};
		7B179A151BC4CE2D002A0BA3 /* Debug */ = {
			isa = XCBuildConfiguration;
			buildSettings = {
				INFOPLIST_FILE = Cyphers5eUITests/Info.plist;
				LD_RUNPATH_SEARCH_PATHS = "$(inherited) @executable_path/Frameworks @loader_path/Frameworks";
				PRODUCT_BUNDLE_IDENTIFIER = com.webdevils.Cyphers5eUITests;
				PRODUCT_NAME = "$(TARGET_NAME)";
				TEST_TARGET_NAME = Cyphers5e;
				USES_XCTRUNNER = YES;
			};
			name = Debug;
		};
		7B179A161BC4CE2D002A0BA3 /* Release */ = {
			isa = XCBuildConfiguration;
			buildSettings = {
				INFOPLIST_FILE = Cyphers5eUITests/Info.plist;
				LD_RUNPATH_SEARCH_PATHS = "$(inherited) @executable_path/Frameworks @loader_path/Frameworks";
				PRODUCT_BUNDLE_IDENTIFIER = com.webdevils.Cyphers5eUITests;
				PRODUCT_NAME = "$(TARGET_NAME)";
				TEST_TARGET_NAME = Cyphers5e;
				USES_XCTRUNNER = YES;
			};
			name = Release;
		};
/* End XCBuildConfiguration section */

/* Begin XCConfigurationList section */
		7B1799DE1BC4CE2C002A0BA3 /* Build configuration list for PBXProject "Cyphers5e" */ = {
			isa = XCConfigurationList;
			buildConfigurations = (
				7B179A0C1BC4CE2D002A0BA3 /* Debug */,
				7B179A0D1BC4CE2D002A0BA3 /* Release */,
			);
			defaultConfigurationIsVisible = 0;
			defaultConfigurationName = Release;
		};
		7B179A0E1BC4CE2D002A0BA3 /* Build configuration list for PBXNativeTarget "Cyphers5e" */ = {
			isa = XCConfigurationList;
			buildConfigurations = (
				7B179A0F1BC4CE2D002A0BA3 /* Debug */,
				7B179A101BC4CE2D002A0BA3 /* Release */,
			);
			defaultConfigurationIsVisible = 0;
		};
		7B179A111BC4CE2D002A0BA3 /* Build configuration list for PBXNativeTarget "Cyphers5eTests" */ = {
			isa = XCConfigurationList;
			buildConfigurations = (
				7B179A121BC4CE2D002A0BA3 /* Debug */,
				7B179A131BC4CE2D002A0BA3 /* Release */,
			);
			defaultConfigurationIsVisible = 0;
		};
		7B179A141BC4CE2D002A0BA3 /* Build configuration list for PBXNativeTarget "Cyphers5eUITests" */ = {
			isa = XCConfigurationList;
			buildConfigurations = (
				7B179A151BC4CE2D002A0BA3 /* Debug */,
				7B179A161BC4CE2D002A0BA3 /* Release */,
			);
			defaultConfigurationIsVisible = 0;
		};
/* End XCConfigurationList section */

/* Begin XCVersionGroup section */
		7B1799ED1BC4CE2D002A0BA3 /* Cyphers5e.xcdatamodeld */ = {
			isa = XCVersionGroup;
			children = (
				7B1799EE1BC4CE2D002A0BA3 /* Cyphers5e.xcdatamodel */,
			);
			currentVersion = 7B1799EE1BC4CE2D002A0BA3 /* Cyphers5e.xcdatamodel */;
			path = Cyphers5e.xcdatamodeld;
			sourceTree = "<group>";
			versionGroupType = wrapper.xcdatamodel;
		};
/* End XCVersionGroup section */
	};
	rootObject = 7B1799DB1BC4CE2C002A0BA3 /* Project object */;
}
